--- 
hash: 37c2e1733810b659a675aa1108196f76c2e7ad2f
sources: 
- Rubygems: 
    uri: http://gemcutter.org
specs: 
- rake: 
    version: 0.8.7
- fraction: 
    version: "0.1"
- trollop: 
    version: "1.15"
- plist: 
    version: 3.1.0
- ronn: 
    version: 0.4.1
- rspec: 
    version: 1.3.0
- hoe: 
    version: 2.5.0
- hoe-git: 
    version: 1.3.0
- rdiscount: 
    version: 1.5.8.1
- ruby-debug19: 
    version: 0.11.6
- hpricot: 
    version: 0.8.2
- fakefs: 
    version: 0.2.1
- rubyforge: 
    version: 2.0.4
- gemcutter: 
    version: 0.5.0
- rake-compiler: 
    version: 0.7.0
- columnize: 
    version: 0.3.1
- linecache19: 
    version: 0.5.11
- ruby-debug-base19: 
    version: 0.11.23
- ruby_core_source: 
    version: 0.1.4
- archive-tar-minitar: 
    version: 0.5.2
- json_pure: 
    version: 1.2.3
dependencies: 
  fraction: 
    version: ~> 0.1
    group: 
    - :default
  trollop: 
    version: ~> 1.15
    group: 
    - :default
  plist: 
    version: ~> 3.1.0
    group: 
    - :default
  ronn: 
    version: ~> 0.4.1
    group: 
    - :dev
  rspec: 
    version: ~> 1.3.0
    group: 
    - :dev
  hoe: 
    version: ~> 2.5.0
    group: 
    - :dev
  hoe-git: 
    version: ~> 1.3.0
    group: 
    - :dev
  rake-compiler: 
    version: ~> 0.7.0
    group: 
    - :dev
  fakefs: 
    version: ">= 0.2.1"
    group: 
    - :dev
  ruby-debug19: 
    version: ~> 0.11.6
    group: 
    - :dev
